
Microsoft Visual Studio Solution File, Format Version 12.00
# Visual Studio Version 17
VisualStudioVersion = 17.5.2.0
MinimumVisualStudioVersion = 10.0.40219.1
Project("{FAE04EC0-301F-11D3-BF4B-00C04F79EFBC}") = "MinimalAPI", "API/MinimalAPI.csproj", "{9050E871-A7BE-9ABF-1EC5-C9F5FAA2FCB3}"
EndProject
Project("{FAE04EC0-301F-11D3-BF4B-00C04F79EFBC}") = "Test", "Test\Test.csproj", "{6B17F3BC-F934-42B9-BE3F-7D83ACE6412B}"
EndProject
Global
	GlobalSection(SolutionConfigurationPlatforms) = preSolution
		Debug|Any CPU = Debug|Any CPU
		Debug|x64 = Debug|x64
		Debug|x86 = Debug|x86
		Release|Any CPU = Release|Any CPU
		Release|x64 = Release|x64
		Release|x86 = Release|x86
	EndGlobalSection
	GlobalSection(ProjectConfigurationPlatforms) = postSolution
		{9050E871-A7BE-9ABF-1EC5-C9F5FAA2FCB3}.Debug|Any CPU.ActiveCfg = Debug|Any CPU
		{9050E871-A7BE-9ABF-1EC5-C9F5FAA2FCB3}.Debug|Any CPU.Build.0 = Debug|Any CPU
		{9050E871-A7BE-9ABF-1EC5-C9F5FAA2FCB3}.Debug|x64.ActiveCfg = Debug|Any CPU
		{9050E871-A7BE-9ABF-1EC5-C9F5FAA2FCB3}.Debug|x64.Build.0 = Debug|Any CPU
		{9050E871-A7BE-9ABF-1EC5-C9F5FAA2FCB3}.Debug|x86.ActiveCfg = Debug|Any CPU
		{9050E871-A7BE-9ABF-1EC5-C9F5FAA2FCB3}.Debug|x86.Build.0 = Debug|Any CPU
		{9050E871-A7BE-9ABF-1EC5-C9F5FAA2FCB3}.Release|Any CPU.ActiveCfg = Release|Any CPU
		{9050E871-A7BE-9ABF-1EC5-C9F5FAA2FCB3}.Release|Any CPU.Build.0 = Release|Any CPU
		{9050E871-A7BE-9ABF-1EC5-C9F5FAA2FCB3}.Release|x64.ActiveCfg = Release|Any CPU
		{9050E871-A7BE-9ABF-1EC5-C9F5FAA2FCB3}.Release|x64.Build.0 = Release|Any CPU
		{9050E871-A7BE-9ABF-1EC5-C9F5FAA2FCB3}.Release|x86.ActiveCfg = Release|Any CPU
		{9050E871-A7BE-9ABF-1EC5-C9F5FAA2FCB3}.Release|x86.Build.0 = Release|Any CPU
		{6B17F3BC-F934-42B9-BE3F-7D83ACE6412B}.Debug|Any CPU.ActiveCfg = Debug|Any CPU
		{6B17F3BC-F934-42B9-BE3F-7D83ACE6412B}.Debug|Any CPU.Build.0 = Debug|Any CPU
		{6B17F3BC-F934-42B9-BE3F-7D83ACE6412B}.Debug|x64.ActiveCfg = Debug|Any CPU
		{6B17F3BC-F934-42B9-BE3F-7D83ACE6412B}.Debug|x64.Build.0 = Debug|Any CPU
		{6B17F3BC-F934-42B9-BE3F-7D83ACE6412B}.Debug|x86.ActiveCfg = Debug|Any CPU
		{6B17F3BC-F934-42B9-BE3F-7D83ACE6412B}.Debug|x86.Build.0 = Debug|Any CPU
		{6B17F3BC-F934-42B9-BE3F-7D83ACE6412B}.Release|Any CPU.ActiveCfg = Release|Any CPU
		{6B17F3BC-F934-42B9-BE3F-7D83ACE6412B}.Release|Any CPU.Build.0 = Release|Any CPU
		{6B17F3BC-F934-42B9-BE3F-7D83ACE6412B}.Release|x64.ActiveCfg = Release|Any CPU
		{6B17F3BC-F934-42B9-BE3F-7D83ACE6412B}.Release|x64.Build.0 = Release|Any CPU
		{6B17F3BC-F934-42B9-BE3F-7D83ACE6412B}.Release|x86.ActiveCfg = Release|Any CPU
		{6B17F3BC-F934-42B9-BE3F-7D83ACE6412B}.Release|x86.Build.0 = Release|Any CPU
	EndGlobalSection
	GlobalSection(SolutionProperties) = preSolution
		HideSolutionNode = FALSE
	EndGlobalSection
	GlobalSection(ExtensibilityGlobals) = postSolution
		SolutionGuid = {6735ABB9-1EB2-4A6F-BB32-493477DB5FAF}
	EndGlobalSection
EndGlobal
